<Solution>
    <Configurations>
        <Platform Name="ARM64"/>
        <Platform Name="x64"/>
        <Platform Name="x86"/>
    </Configurations>

    <Project Path="Athan.UI/Athan.UI.csproj" Id="f9e85b26-db97-4bc9-8c35-bf91b1e2e687">
        <Platform Solution="*|ARM64" Project="ARM64"/>
        <Platform Solution="*|x64" Project="x64"/>
        <Platform Solution="*|x86" Project="x86"/>
        <Deploy/>
    </Project>
</Solution>