
Microsoft Visual Studio Solution File, Format Version 12.00
# Visual Studio Version 17
VisualStudioVersion = 17.12.35527.113 d17.12
MinimumVisualStudioVersion = 10.0.40219.1
Project("{FAE04EC0-301F-11D3-BF4B-00C04F79EFBC}") = "Athan.Services", "Athan.Services\Athan.Services.csproj", "{8A62448C-DAFF-4199-AF4F-A604CE445F2C}"
EndProject
Project("{FAE04EC0-301F-11D3-BF4B-00C04F79EFBC}") = "Athan.Avalonia", "Athan.Avalonia\Athan.Avalonia.csproj", "{02267680-9F3A-4A30-BBD1-06C49123EF3E}"
EndProject
Project("{FAE04EC0-301F-11D3-BF4B-00C04F79EFBC}") = "Athan.Console", "Athan.Console\Athan.Console.csproj", "{A25BA5CD-1A69-48AD-85E3-150D97FD9FA6}"
EndProject
Global
	GlobalSection(SolutionConfigurationPlatforms) = preSolution
		Debug|Any CPU = Debug|Any CPU
		Debug|ARM64 = Debug|ARM64
		Debug|x64 = Debug|x64
		Debug|x86 = Debug|x86
		Release|Any CPU = Release|Any CPU
		Release|ARM64 = Release|ARM64
		Release|x64 = Release|x64
		Release|x86 = Release|x86
	EndGlobalSection
	GlobalSection(ProjectConfigurationPlatforms) = postSolution
		{8A62448C-DAFF-4199-AF4F-A604CE445F2C}.Debug|Any CPU.ActiveCfg = Debug|Any CPU
		{8A62448C-DAFF-4199-AF4F-A604CE445F2C}.Debug|Any CPU.Build.0 = Debug|Any CPU
		{8A62448C-DAFF-4199-AF4F-A604CE445F2C}.Debug|ARM64.ActiveCfg = Debug|Any CPU
		{8A62448C-DAFF-4199-AF4F-A604CE445F2C}.Debug|ARM64.Build.0 = Debug|Any CPU
		{8A62448C-DAFF-4199-AF4F-A604CE445F2C}.Debug|x64.ActiveCfg = Debug|Any CPU
		{8A62448C-DAFF-4199-AF4F-A604CE445F2C}.Debug|x64.Build.0 = Debug|Any CPU
		{8A62448C-DAFF-4199-AF4F-A604CE445F2C}.Debug|x86.ActiveCfg = Debug|Any CPU
		{8A62448C-DAFF-4199-AF4F-A604CE445F2C}.Debug|x86.Build.0 = Debug|Any CPU
		{8A62448C-DAFF-4199-AF4F-A604CE445F2C}.Release|Any CPU.ActiveCfg = Release|Any CPU
		{8A62448C-DAFF-4199-AF4F-A604CE445F2C}.Release|Any CPU.Build.0 = Release|Any CPU
		{8A62448C-DAFF-4199-AF4F-A604CE445F2C}.Release|ARM64.ActiveCfg = Release|Any CPU
		{8A62448C-DAFF-4199-AF4F-A604CE445F2C}.Release|ARM64.Build.0 = Release|Any CPU
		{8A62448C-DAFF-4199-AF4F-A604CE445F2C}.Release|x64.ActiveCfg = Release|Any CPU
		{8A62448C-DAFF-4199-AF4F-A604CE445F2C}.Release|x64.Build.0 = Release|Any CPU
		{8A62448C-DAFF-4199-AF4F-A604CE445F2C}.Release|x86.ActiveCfg = Release|Any CPU
		{8A62448C-DAFF-4199-AF4F-A604CE445F2C}.Release|x86.Build.0 = Release|Any CPU
		{02267680-9F3A-4A30-BBD1-06C49123EF3E}.Debug|Any CPU.ActiveCfg = Debug|Any CPU
		{02267680-9F3A-4A30-BBD1-06C49123EF3E}.Debug|Any CPU.Build.0 = Debug|Any CPU
		{02267680-9F3A-4A30-BBD1-06C49123EF3E}.Debug|ARM64.ActiveCfg = Debug|Any CPU
		{02267680-9F3A-4A30-BBD1-06C49123EF3E}.Debug|ARM64.Build.0 = Debug|Any CPU
		{02267680-9F3A-4A30-BBD1-06C49123EF3E}.Debug|x64.ActiveCfg = Debug|Any CPU
		{02267680-9F3A-4A30-BBD1-06C49123EF3E}.Debug|x64.Build.0 = Debug|Any CPU
		{02267680-9F3A-4A30-BBD1-06C49123EF3E}.Debug|x86.ActiveCfg = Debug|Any CPU
		{02267680-9F3A-4A30-BBD1-06C49123EF3E}.Debug|x86.Build.0 = Debug|Any CPU
		{02267680-9F3A-4A30-BBD1-06C49123EF3E}.Release|Any CPU.ActiveCfg = Release|Any CPU
		{02267680-9F3A-4A30-BBD1-06C49123EF3E}.Release|Any CPU.Build.0 = Release|Any CPU
		{02267680-9F3A-4A30-BBD1-06C49123EF3E}.Release|ARM64.ActiveCfg = Release|Any CPU
		{02267680-9F3A-4A30-BBD1-06C49123EF3E}.Release|ARM64.Build.0 = Release|Any CPU
		{02267680-9F3A-4A30-BBD1-06C49123EF3E}.Release|x64.ActiveCfg = Release|Any CPU
		{02267680-9F3A-4A30-BBD1-06C49123EF3E}.Release|x64.Build.0 = Release|Any CPU
		{02267680-9F3A-4A30-BBD1-06C49123EF3E}.Release|x86.ActiveCfg = Release|Any CPU
		{02267680-9F3A-4A30-BBD1-06C49123EF3E}.Release|x86.Build.0 = Release|Any CPU
		{A25BA5CD-1A69-48AD-85E3-150D97FD9FA6}.Debug|Any CPU.ActiveCfg = Debug|Any CPU
		{A25BA5CD-1A69-48AD-85E3-150D97FD9FA6}.Debug|Any CPU.Build.0 = Debug|Any CPU
		{A25BA5CD-1A69-48AD-85E3-150D97FD9FA6}.Debug|ARM64.ActiveCfg = Debug|Any CPU
		{A25BA5CD-1A69-48AD-85E3-150D97FD9FA6}.Debug|ARM64.Build.0 = Debug|Any CPU
		{A25BA5CD-1A69-48AD-85E3-150D97FD9FA6}.Debug|x64.ActiveCfg = Debug|Any CPU
		{A25BA5CD-1A69-48AD-85E3-150D97FD9FA6}.Debug|x64.Build.0 = Debug|Any CPU
		{A25BA5CD-1A69-48AD-85E3-150D97FD9FA6}.Debug|x86.ActiveCfg = Debug|Any CPU
		{A25BA5CD-1A69-48AD-85E3-150D97FD9FA6}.Debug|x86.Build.0 = Debug|Any CPU
		{A25BA5CD-1A69-48AD-85E3-150D97FD9FA6}.Release|Any CPU.ActiveCfg = Release|Any CPU
		{A25BA5CD-1A69-48AD-85E3-150D97FD9FA6}.Release|Any CPU.Build.0 = Release|Any CPU
		{A25BA5CD-1A69-48AD-85E3-150D97FD9FA6}.Release|ARM64.ActiveCfg = Release|Any CPU
		{A25BA5CD-1A69-48AD-85E3-150D97FD9FA6}.Release|ARM64.Build.0 = Release|Any CPU
		{A25BA5CD-1A69-48AD-85E3-150D97FD9FA6}.Release|x64.ActiveCfg = Release|Any CPU
		{A25BA5CD-1A69-48AD-85E3-150D97FD9FA6}.Release|x64.Build.0 = Release|Any CPU
		{A25BA5CD-1A69-48AD-85E3-150D97FD9FA6}.Release|x86.ActiveCfg = Release|Any CPU
		{A25BA5CD-1A69-48AD-85E3-150D97FD9FA6}.Release|x86.Build.0 = Release|Any CPU
	EndGlobalSection
	GlobalSection(SolutionProperties) = preSolution
		HideSolutionNode = FALSE
	EndGlobalSection
EndGlobal
